
Microsoft Visual Studio Solution File, Format Version 12.00
# Visual Studio Version 17
VisualStudioVersion = 17.8.34330.188
MinimumVisualStudioVersion = 10.0.40219.1
Project("{FAE04EC0-301F-11D3-BF4B-00C04F79EFBC}") = "BlazzorWasmViaCep", "BlazzorWasmViaCep\BlazzorWasmViaCep.csproj", "{9C5A0404-BB81-4797-855D-A8CA048FC4AE}"
EndProject
Global
	GlobalSection(SolutionConfigurationPlatforms) = preSolution
		Debug|Any CPU = Debug|Any CPU
		Release|Any CPU = Release|Any CPU
	EndGlobalSection
	GlobalSection(ProjectConfigurationPlatforms) = postSolution
		{9C5A0404-BB81-4797-855D-A8CA048FC4AE}.Debug|Any CPU.ActiveCfg = Debug|Any CPU
		{9C5A0404-BB81-4797-855D-A8CA048FC4AE}.Debug|Any CPU.Build.0 = Debug|Any CPU
		{9C5A0404-BB81-4797-855D-A8CA048FC4AE}.Release|Any CPU.ActiveCfg = Release|Any CPU
		{9C5A0404-BB81-4797-855D-A8CA048FC4AE}.Release|Any CPU.Build.0 = Release|Any CPU
	EndGlobalSection
	GlobalSection(SolutionProperties) = preSolution
		HideSolutionNode = FALSE
	EndGlobalSection
	GlobalSection(ExtensibilityGlobals) = postSolution
		SolutionGuid = {A3766BE7-A581-4D36-9080-C3DAAE9C84C4}
	EndGlobalSection
EndGlobal
